
Microsoft Visual Studio Solution File, Format Version 12.00
# Visual Studio Version 17
VisualStudioVersion = 17.7.34202.233
MinimumVisualStudioVersion = 10.0.40219.1
Project("{FAE04EC0-301F-11D3-BF4B-00C04F79EFBC}") = "1", "1.csproj", "{5363A846-879F-48B2-83D3-0FAD6A9722D2}"
EndProject
Global
	GlobalSection(SolutionConfigurationPlatforms) = preSolution
		Debug|Any CPU = Debug|Any CPU
		Release|Any CPU = Release|Any CPU
	EndGlobalSection
	GlobalSection(ProjectConfigurationPlatforms) = postSolution
		{5363A846-879F-48B2-83D3-0FAD6A9722D2}.Debug|Any CPU.ActiveCfg = Debug|Any CPU
		{5363A846-879F-48B2-83D3-0FAD6A9722D2}.Debug|Any CPU.Build.0 = Debug|Any CPU
		{5363A846-879F-48B2-83D3-0FAD6A9722D2}.Release|Any CPU.ActiveCfg = Release|Any CPU
		{5363A846-879F-48B2-83D3-0FAD6A9722D2}.Release|Any CPU.Build.0 = Release|Any CPU
	EndGlobalSection
	GlobalSection(SolutionProperties) = preSolution
		HideSolutionNode = FALSE
	EndGlobalSection
	GlobalSection(ExtensibilityGlobals) = postSolution
		SolutionGuid = {7EC58164-362E-4CBA-8C8D-00EC3530FCB6}
	EndGlobalSection
EndGlobal
